PODS:
  - EZXAudio (0.0.1):
    - EZXAudio/Full (= 0.0.1)
  - EZXAudio/Core (0.0.1)
  - EZXAudio/Full (0.0.1):
    - EZXAudio/Core
    - TPCircularBuffer (= 1.1)
  - Flutter (1.0.0)
  - flutter_ng_waveform (0.0.1):
    - EZXAudio
    - Flutter
  - TPCircularBuffer (1.1)

DEPENDENCIES:
  - Flutter (from `Flutter`)
  - flutter_ng_waveform (from `.symlinks/plugins/flutter_ng_waveform/ios`)

SPEC REPOS:
  trunk:
    - EZXAudio
    - TPCircularBuffer

EXTERNAL SOURCES:
  Flutter:
    :path: Flutter
  flutter_ng_waveform:
    :path: ".symlinks/plugins/flutter_ng_waveform/ios"

SPEC CHECKSUMS:
  EZXAudio: 25c19064b177190aed4cad9b1cee8bc9c7face0d
  Flutter: 50d75fe2f02b26cc09d224853bb45737f8b3214a
  flutter_ng_waveform: b08abe05da049c1a823daea39911a6acf5b03457
  TPCircularBuffer: 4960a919e667280f7f38963d771f45871b64fe62

PODFILE CHECKSUM: 8e679eca47255a8ca8067c4c67aab20e64cb974d

COCOAPODS: 1.10.2
